
Microsoft Visual Studio Solution File, Format Version 12.00
# Visual Studio Version 17
VisualStudioVersion = 17.8.34525.116
MinimumVisualStudioVersion = 10.0.40219.1
Project("{FAE04EC0-301F-11D3-BF4B-00C04F79EFBC}") = "BeginnerPuzzle", "BeginnerPuzzle\BeginnerPuzzle.csproj", "{CDA36339-FBF2-4A9A-8EBA-C7E260DBF06E}"
EndProject
Global
	GlobalSection(SolutionConfigurationPlatforms) = preSolution
		Debug|Any CPU = Debug|Any CPU
		Release|Any CPU = Release|Any CPU
	EndGlobalSection
	GlobalSection(ProjectConfigurationPlatforms) = postSolution
		{CDA36339-FBF2-4A9A-8EBA-C7E260DBF06E}.Debug|Any CPU.ActiveCfg = Debug|Any CPU
		{CDA36339-FBF2-4A9A-8EBA-C7E260DBF06E}.Debug|Any CPU.Build.0 = Debug|Any CPU
		{CDA36339-FBF2-4A9A-8EBA-C7E260DBF06E}.Release|Any CPU.ActiveCfg = Release|Any CPU
		{CDA36339-FBF2-4A9A-8EBA-C7E260DBF06E}.Release|Any CPU.Build.0 = Release|Any CPU
	EndGlobalSection
	GlobalSection(SolutionProperties) = preSolution
		HideSolutionNode = FALSE
	EndGlobalSection
	GlobalSection(ExtensibilityGlobals) = postSolution
		SolutionGuid = {1364D96D-2979-470D-BC68-A9E38211A1F3}
	EndGlobalSection
EndGlobal
